{
  "version": 4,
  "terraform_version": "1.5.7",
  "serial": 304,
  "lineage": "70240b50-a0a8-6b4f-b155-853ad9f093a2",
  "outputs": {
    "name": {
      "value": "test_integration_bucket_123-dbag",
      "type": "string"
    }
  },
  "resources": [
    {
      "mode": "managed",
      "type": "google_pubsub_subscription",
      "name": "example_subscription",
      "provider": "provider[\"registry.terraform.io/hashicorp/google\"]",
      "instances": [
        {
          "schema_version": 0,
          "attributes": {
            "ack_deadline_seconds": 10,
            "bigquery_config": [],
            "cloud_storage_config": [],
            "dead_letter_policy": [],
            "effective_labels": {},
            "enable_exactly_once_delivery": false,
            "enable_message_ordering": false,
            "expiration_policy": [
              {
                "ttl": "2678400s"
              }
            ],
            "filter": "",
            "id": "projects/temporal-field-419719/subscriptions/test_integration_subscription",
            "labels": null,
            "message_retention_duration": "604800s",
            "name": "test_integration_subscription",
            "project": "temporal-field-419719",
            "push_config": [],
            "retain_acked_messages": false,
            "retry_policy": [],
            "terraform_labels": {},
            "timeouts": null,
            "topic": "projects/temporal-field-419719/topics/test_integration_bucket_topic"
          },
          "sensitive_attributes": [],
          "private": "eyJlMmJmYjczMC1lY2FhLTExZTYtOGY4OC0zNDM2M2JjN2M0YzAiOnsiY3JlYXRlIjoxMjAwMDAwMDAwMDAwLCJkZWxldGUiOjEyMDAwMDAwMDAwMDAsInVwZGF0ZSI6MTIwMDAwMDAwMDAwMH19",
          "dependencies": [
            "module.pubsub_topic.google_pubsub_topic.pubsub_topic"
          ]
        }
      ]
    },
    {
      "mode": "managed",
      "type": "google_storage_bucket",
      "name": "storage_bucket",
      "provider": "provider[\"registry.terraform.io/hashicorp/google\"]",
      "instances": [
        {
          "schema_version": 1,
          "attributes": {
            "autoclass": [],
            "cors": [],
            "custom_placement_config": [],
            "default_event_based_hold": false,
            "effective_labels": {},
            "enable_object_retention": false,
            "encryption": [],
            "force_destroy": false,
            "id": "test_integration_bucket_123-dbag",
            "labels": null,
            "lifecycle_rule": [],
            "location": "US",
            "logging": [],
            "name": "test_integration_bucket_123-dbag",
            "project": "temporal-field-419719",
            "project_number": 287505208604,
            "public_access_prevention": "inherited",
            "requester_pays": false,
            "retention_policy": [],
            "rpo": "DEFAULT",
            "self_link": "https://www.googleapis.com/storage/v1/b/test_integration_bucket_123-dbag",
            "soft_delete_policy": [
              {
                "effective_time": "2024-04-23T00:51:17.364Z",
                "retention_duration_seconds": 604800
              }
            ],
            "storage_class": "STANDARD",
            "terraform_labels": {},
            "timeouts": null,
            "uniform_bucket_level_access": true,
            "url": "gs://test_integration_bucket_123-dbag",
            "versioning": [],
            "website": []
          },
          "sensitive_attributes": [],
          "private": "eyJlMmJmYjczMC1lY2FhLTExZTYtOGY4OC0zNDM2M2JjN2M0YzAiOnsiY3JlYXRlIjo2MDAwMDAwMDAwMDAsInJlYWQiOjI0MDAwMDAwMDAwMCwidXBkYXRlIjoyNDAwMDAwMDAwMDB9LCJzY2hlbWFfdmVyc2lvbiI6IjEifQ==",
          "dependencies": [
            "module.bucket_name.random_string.suffix"
          ]
        }
      ]
    },
    {
      "mode": "managed",
      "type": "google_storage_notification",
      "name": "notification",
      "provider": "provider[\"registry.terraform.io/hashicorp/google\"]",
      "instances": [
        {
          "schema_version": 0,
          "attributes": {
            "bucket": "test_integration_bucket_123-dbag",
            "custom_attributes": null,
            "event_types": [
              "OBJECT_FINALIZE",
              "OBJECT_METADATA_UPDATE"
            ],
            "id": "test_integration_bucket_123-dbag/notificationConfigs/1",
            "notification_id": "1",
            "object_name_prefix": "",
            "payload_format": "JSON_API_V1",
            "self_link": "https://www.googleapis.com/storage/v1/b/test_integration_bucket_123-dbag/notificationConfigs/1",
            "topic": "//pubsub.googleapis.com/projects/temporal-field-419719/topics/test_integration_bucket_topic"
          },
          "sensitive_attributes": [],
          "private": "bnVsbA==",
          "dependencies": [
            "google_storage_bucket.storage_bucket",
            "module.bucket_name.random_string.suffix",
            "module.pubsub_topic.google_pubsub_topic.pubsub_topic"
          ]
        }
      ]
    },
    {
      "module": "module.bucket_name",
      "mode": "managed",
      "type": "random_string",
      "name": "suffix",
      "provider": "provider[\"registry.terraform.io/hashicorp/random\"]",
      "instances": [
        {
          "schema_version": 2,
          "attributes": {
            "id": "dbag",
            "keepers": null,
            "length": 4,
            "lower": true,
            "min_lower": 4,
            "min_numeric": 0,
            "min_special": 0,
            "min_upper": 0,
            "number": true,
            "numeric": true,
            "override_special": null,
            "result": "dbag",
            "special": false,
            "upper": true
          },
          "sensitive_attributes": []
        }
      ]
    },
    {
      "module": "module.pubsub_topic",
      "mode": "managed",
      "type": "google_pubsub_topic",
      "name": "pubsub_topic",
      "provider": "provider[\"registry.terraform.io/hashicorp/google\"]",
      "instances": [
        {
          "schema_version": 0,
          "attributes": {
            "effective_labels": {
              "foo": "bar"
            },
            "id": "projects/temporal-field-419719/topics/test_integration_bucket_topic",
            "ingestion_data_source_settings": [],
            "kms_key_name": "",
            "labels": {
              "foo": "bar"
            },
            "message_retention_duration": "86600s",
            "message_storage_policy": [],
            "name": "test_integration_bucket_topic",
            "project": "temporal-field-419719",
            "schema_settings": [],
            "terraform_labels": {
              "foo": "bar"
            },
            "timeouts": null
          },
          "sensitive_attributes": [],
          "private": "eyJlMmJmYjczMC1lY2FhLTExZTYtOGY4OC0zNDM2M2JjN2M0YzAiOnsiY3JlYXRlIjoxMjAwMDAwMDAwMDAwLCJkZWxldGUiOjEyMDAwMDAwMDAwMDAsInVwZGF0ZSI6MTIwMDAwMDAwMDAwMH19"
        }
      ]
    }
  ],
  "check_results": null
}
