{
  "version": 4,
  "terraform_version": "1.5.7",
  "serial": 50,
  "lineage": "de77f46b-8a26-9afb-9b77-327720040431",
  "outputs": {
    "topic_name": {
      "value": "test_topic",
      "type": "string"
    }
  },
  "resources": [
    {
      "mode": "managed",
      "type": "google_pubsub_topic",
      "name": "pubsub_topic",
      "provider": "provider[\"registry.terraform.io/hashicorp/google\"]",
      "instances": [
        {
          "schema_version": 0,
          "attributes": {
            "effective_labels": {
              "foo": "bar"
            },
            "id": "projects/temporal-field-419719/topics/test_topic",
            "ingestion_data_source_settings": [],
            "kms_key_name": "",
            "labels": {
              "foo": "bar"
            },
            "message_retention_duration": "86600s",
            "message_storage_policy": [],
            "name": "test_topic",
            "project": "temporal-field-419719",
            "schema_settings": [],
            "terraform_labels": {
              "foo": "bar"
            },
            "timeouts": null
          },
          "sensitive_attributes": [],
          "private": "eyJlMmJmYjczMC1lY2FhLTExZTYtOGY4OC0zNDM2M2JjN2M0YzAiOnsiY3JlYXRlIjoxMjAwMDAwMDAwMDAwLCJkZWxldGUiOjEyMDAwMDAwMDAwMDAsInVwZGF0ZSI6MTIwMDAwMDAwMDAwMH19"
        }
      ]
    }
  ],
  "check_results": null
}
